// !$*UTF8*$!
{
	archiveVersion = 1;
	classes = {
	};
	objectVersion = 56;
	objects = {

/* Begin PBXBuildFile section */
		D011454E2BF92D90004231A2 /* FirebaseAuth in Frameworks */ = {isa = PBXBuildFile; productRef = D011454D2BF92D90004231A2 /* FirebaseAuth */; };
		D01145512BF92E18004231A2 /* AuthenticationView.swift in Sources */ = {isa = PBXBuildFile; fileRef = D01145502BF92E18004231A2 /* AuthenticationView.swift */; };
		D01145532BF92F88004231A2 /* SignInEmailView.swift in Sources */ = {isa = PBXBuildFile; fileRef = D01145522BF92F88004231A2 /* SignInEmailView.swift */; };
		D01145552BF93142004231A2 /* AuthenticationManager.swift in Sources */ = {isa = PBXBuildFile; fileRef = D01145542BF93142004231A2 /* AuthenticationManager.swift */; };
		D01145572BF943E6004231A2 /* RootView.swift in Sources */ = {isa = PBXBuildFile; fileRef = D01145562BF943E6004231A2 /* RootView.swift */; };
		D01145592BF94740004231A2 /* SettingsView.swift in Sources */ = {isa = PBXBuildFile; fileRef = D01145582BF94740004231A2 /* SettingsView.swift */; };
		D02BA4282BF8F6D7009141A4 /* SwifulFirebaseBootcamp2App.swift in Sources */ = {isa = PBXBuildFile; fileRef = D02BA4272BF8F6D7009141A4 /* SwifulFirebaseBootcamp2App.swift */; };
		D02BA42A2BF8F6D7009141A4 /* ContentView.swift in Sources */ = {isa = PBXBuildFile; fileRef = D02BA4292BF8F6D7009141A4 /* ContentView.swift */; };
		D02BA42C2BF8F6D9009141A4 /* Assets.xcassets in Resources */ = {isa = PBXBuildFile; fileRef = D02BA42B2BF8F6D9009141A4 /* Assets.xcassets */; };
		D02BA42F2BF8F6D9009141A4 /* Preview Assets.xcassets in Resources */ = {isa = PBXBuildFile; fileRef = D02BA42E2BF8F6D9009141A4 /* Preview Assets.xcassets */; };
		D02BA43B2BF8FB65009141A4 /* FirebaseAnalytics in Frameworks */ = {isa = PBXBuildFile; productRef = D02BA43A2BF8FB65009141A4 /* FirebaseAnalytics */; };
		D02BA43D2BF8FB65009141A4 /* FirebaseAnalyticsSwift in Frameworks */ = {isa = PBXBuildFile; productRef = D02BA43C2BF8FB65009141A4 /* FirebaseAnalyticsSwift */; };
		D033CB782BFBE87C00F09548 /* ProductsView.swift in Sources */ = {isa = PBXBuildFile; fileRef = D033CB772BFBE87C00F09548 /* ProductsView.swift */; };
		D033CB7A2BFBE8C600F09548 /* ProductsViewModel.swift in Sources */ = {isa = PBXBuildFile; fileRef = D033CB792BFBE8C600F09548 /* ProductsViewModel.swift */; };
		D033CB7D2BFBE95D00F09548 /* ProductCellView.swift in Sources */ = {isa = PBXBuildFile; fileRef = D033CB7C2BFBE95D00F09548 /* ProductCellView.swift */; };
		D033CB7F2BFBE9AA00F09548 /* ProductCellViewBuilder.swift in Sources */ = {isa = PBXBuildFile; fileRef = D033CB7E2BFBE9AA00F09548 /* ProductCellViewBuilder.swift */; };
		D033CB812BFBE9DE00F09548 /* FavoriteView.swift in Sources */ = {isa = PBXBuildFile; fileRef = D033CB802BFBE9DE00F09548 /* FavoriteView.swift */; };
		D033CB832BFBEA1A00F09548 /* FavoriteViewModel.swift in Sources */ = {isa = PBXBuildFile; fileRef = D033CB822BFBEA1A00F09548 /* FavoriteViewModel.swift */; };
		D033CB852BFBEA3F00F09548 /* ProfileView.swift in Sources */ = {isa = PBXBuildFile; fileRef = D033CB842BFBEA3E00F09548 /* ProfileView.swift */; };
		D033CB872BFBEA8800F09548 /* ProfileViewModel.swift in Sources */ = {isa = PBXBuildFile; fileRef = D033CB862BFBEA8800F09548 /* ProfileViewModel.swift */; };
		D033CB892BFBEABA00F09548 /* SettingsViewModel.swift in Sources */ = {isa = PBXBuildFile; fileRef = D033CB882BFBEABA00F09548 /* SettingsViewModel.swift */; };
		D033CB8B2BFBEB3900F09548 /* ProductsDatabase.swift in Sources */ = {isa = PBXBuildFile; fileRef = D033CB8A2BFBEB3900F09548 /* ProductsDatabase.swift */; };
		D033CB8D2BFBEB9700F09548 /* SignInAppleHelper.swift in Sources */ = {isa = PBXBuildFile; fileRef = D033CB8C2BFBEB9700F09548 /* SignInAppleHelper.swift */; };
		D033CB8F2BFBEBBD00F09548 /* UserManager.swift in Sources */ = {isa = PBXBuildFile; fileRef = D033CB8E2BFBEBBD00F09548 /* UserManager.swift */; };
		D033CB912BFBEBDA00F09548 /* ProductsManager.swift in Sources */ = {isa = PBXBuildFile; fileRef = D033CB902BFBEBDA00F09548 /* ProductsManager.swift */; };
		D033CB932BFBEC0300F09548 /* SecurityRules.swift in Sources */ = {isa = PBXBuildFile; fileRef = D033CB922BFBEC0300F09548 /* SecurityRules.swift */; };
		D033CB952BFBEC1F00F09548 /* StorageManager.swift in Sources */ = {isa = PBXBuildFile; fileRef = D033CB942BFBEC1F00F09548 /* StorageManager.swift */; };
		D033CB972BFBEC3B00F09548 /* CrashView.swift in Sources */ = {isa = PBXBuildFile; fileRef = D033CB962BFBEC3B00F09548 /* CrashView.swift */; };
		D033CB992BFBEC5800F09548 /* CrashManager.swift in Sources */ = {isa = PBXBuildFile; fileRef = D033CB982BFBEC5800F09548 /* CrashManager.swift */; };
		D033CB9B2BFBEC8B00F09548 /* PerformanceView.swift in Sources */ = {isa = PBXBuildFile; fileRef = D033CB9A2BFBEC8B00F09548 /* PerformanceView.swift */; };
		D033CB9D2BFBECB300F09548 /* AnalyticsView.swift in Sources */ = {isa = PBXBuildFile; fileRef = D033CB9C2BFBECB200F09548 /* AnalyticsView.swift */; };
		D033CB9F2BFBECF500F09548 /* FirebaseCrashlytics in Frameworks */ = {isa = PBXBuildFile; productRef = D033CB9E2BFBECF500F09548 /* FirebaseCrashlytics */; };
		D033CBA12BFBECFE00F09548 /* FirebaseFirestore in Frameworks */ = {isa = PBXBuildFile; productRef = D033CBA02BFBECFE00F09548 /* FirebaseFirestore */; };
		D033CBA32BFBED0200F09548 /* FirebaseFirestoreSwift in Frameworks */ = {isa = PBXBuildFile; productRef = D033CBA22BFBED0200F09548 /* FirebaseFirestoreSwift */; };
		D033CBA52BFBED1D00F09548 /* FirebasePerformance in Frameworks */ = {isa = PBXBuildFile; productRef = D033CBA42BFBED1D00F09548 /* FirebasePerformance */; };
		D033CBA72BFBED2600F09548 /* FirebaseStorage in Frameworks */ = {isa = PBXBuildFile; productRef = D033CBA62BFBED2600F09548 /* FirebaseStorage */; };
		D07964CD2BF95B14000E7A54 /* GoogleSignIn in Frameworks */ = {isa = PBXBuildFile; productRef = D07964CC2BF95B14000E7A54 /* GoogleSignIn */; };
		D07964CF2BF95B14000E7A54 /* GoogleSignInSwift in Frameworks */ = {isa = PBXBuildFile; productRef = D07964CE2BF95B14000E7A54 /* GoogleSignInSwift */; };
		D07964D22BF95E52000E7A54 /* GoogleService-Info.plist in Resources */ = {isa = PBXBuildFile; fileRef = D07964D12BF95E52000E7A54 /* GoogleService-Info.plist */; };
		D09AC85B2BF96422003BFD5E /* Utilities.swift in Sources */ = {isa = PBXBuildFile; fileRef = D09AC85A2BF96422003BFD5E /* Utilities.swift */; };
		D0D909272BFBE18700A83C33 /* OnFirstAppearViewModifier.swift in Sources */ = {isa = PBXBuildFile; fileRef = D0D909262BFBE18600A83C33 /* OnFirstAppearViewModifier.swift */; };
		D0D9092A2BFBE1C700A83C33 /* Query+EXT.swift in Sources */ = {isa = PBXBuildFile; fileRef = D0D909292BFBE1C700A83C33 /* Query+EXT.swift */; };
		D0DDC43A2BF97280004ED7B6 /* SignInGoogleHelper.swift in Sources */ = {isa = PBXBuildFile; fileRef = D0DDC4392BF97280004ED7B6 /* SignInGoogleHelper.swift */; };
		D0E31A8F2BFBE4F9003B57A9 /* AuthenticationViewModel.swift in Sources */ = {isa = PBXBuildFile; fileRef = D0E31A8E2BFBE4F9003B57A9 /* AuthenticationViewModel.swift */; };
		D0E31A912BFBE53D003B57A9 /* SignInEmailViewModel.swift in Sources */ = {isa = PBXBuildFile; fileRef = D0E31A902BFBE53D003B57A9 /* SignInEmailViewModel.swift */; };
		D0E31A932BFBE562003B57A9 /* TabbarView.swift in Sources */ = {isa = PBXBuildFile; fileRef = D0E31A922BFBE562003B57A9 /* TabbarView.swift */; };
/* End PBXBuildFile section */

/* Begin PBXFileReference section */
		D01145502BF92E18004231A2 /* AuthenticationView.swift */ = {isa = PBXFileReference; lastKnownFileType = sourcecode.swift; path = AuthenticationView.swift; sourceTree = "<group>"; };
		D01145522BF92F88004231A2 /* SignInEmailView.swift */ = {isa = PBXFileReference; lastKnownFileType = sourcecode.swift; path = SignInEmailView.swift; sourceTree = "<group>"; };
		D01145542BF93142004231A2 /* AuthenticationManager.swift */ = {isa = PBXFileReference; lastKnownFileType = sourcecode.swift; path = AuthenticationManager.swift; sourceTree = "<group>"; };
		D01145562BF943E6004231A2 /* RootView.swift */ = {isa = PBXFileReference; lastKnownFileType = sourcecode.swift; path = RootView.swift; sourceTree = "<group>"; };
		D01145582BF94740004231A2 /* SettingsView.swift */ = {isa = PBXFileReference; lastKnownFileType = sourcecode.swift; path = SettingsView.swift; sourceTree = "<group>"; };
		D02BA4242BF8F6D7009141A4 /* SwifulFirebaseBootcamp2.app */ = {isa = PBXFileReference; explicitFileType = wrapper.application; includeInIndex = 0; path = SwifulFirebaseBootcamp2.app; sourceTree = BUILT_PRODUCTS_DIR; };
		D02BA4272BF8F6D7009141A4 /* SwifulFirebaseBootcamp2App.swift */ = {isa = PBXFileReference; lastKnownFileType = sourcecode.swift; path = SwifulFirebaseBootcamp2App.swift; sourceTree = "<group>"; };
		D02BA4292BF8F6D7009141A4 /* ContentView.swift */ = {isa = PBXFileReference; lastKnownFileType = sourcecode.swift; path = ContentView.swift; sourceTree = "<group>"; };
		D02BA42B2BF8F6D9009141A4 /* Assets.xcassets */ = {isa = PBXFileReference; lastKnownFileType = folder.assetcatalog; path = Assets.xcassets; sourceTree = "<group>"; };
		D02BA42E2BF8F6D9009141A4 /* Preview Assets.xcassets */ = {isa = PBXFileReference; lastKnownFileType = folder.assetcatalog; path = "Preview Assets.xcassets"; sourceTree = "<group>"; };
		D033CB772BFBE87C00F09548 /* ProductsView.swift */ = {isa = PBXFileReference; lastKnownFileType = sourcecode.swift; path = ProductsView.swift; sourceTree = "<group>"; };
		D033CB792BFBE8C600F09548 /* ProductsViewModel.swift */ = {isa = PBXFileReference; lastKnownFileType = sourcecode.swift; path = ProductsViewModel.swift; sourceTree = "<group>"; };
		D033CB7C2BFBE95D00F09548 /* ProductCellView.swift */ = {isa = PBXFileReference; lastKnownFileType = sourcecode.swift; path = ProductCellView.swift; sourceTree = "<group>"; };
		D033CB7E2BFBE9AA00F09548 /* ProductCellViewBuilder.swift */ = {isa = PBXFileReference; lastKnownFileType = sourcecode.swift; path = ProductCellViewBuilder.swift; sourceTree = "<group>"; };
		D033CB802BFBE9DE00F09548 /* FavoriteView.swift */ = {isa = PBXFileReference; lastKnownFileType = sourcecode.swift; path = FavoriteView.swift; sourceTree = "<group>"; };
		D033CB822BFBEA1A00F09548 /* FavoriteViewModel.swift */ = {isa = PBXFileReference; lastKnownFileType = sourcecode.swift; path = FavoriteViewModel.swift; sourceTree = "<group>"; };
		D033CB842BFBEA3E00F09548 /* ProfileView.swift */ = {isa = PBXFileReference; lastKnownFileType = sourcecode.swift; path = ProfileView.swift; sourceTree = "<group>"; };
		D033CB862BFBEA8800F09548 /* ProfileViewModel.swift */ = {isa = PBXFileReference; lastKnownFileType = sourcecode.swift; path = ProfileViewModel.swift; sourceTree = "<group>"; };
		D033CB882BFBEABA00F09548 /* SettingsViewModel.swift */ = {isa = PBXFileReference; lastKnownFileType = sourcecode.swift; path = SettingsViewModel.swift; sourceTree = "<group>"; };
		D033CB8A2BFBEB3900F09548 /* ProductsDatabase.swift */ = {isa = PBXFileReference; lastKnownFileType = sourcecode.swift; path = ProductsDatabase.swift; sourceTree = "<group>"; };
		D033CB8C2BFBEB9700F09548 /* SignInAppleHelper.swift */ = {isa = PBXFileReference; lastKnownFileType = sourcecode.swift; path = SignInAppleHelper.swift; sourceTree = "<group>"; };
		D033CB8E2BFBEBBD00F09548 /* UserManager.swift */ = {isa = PBXFileReference; lastKnownFileType = sourcecode.swift; path = UserManager.swift; sourceTree = "<group>"; };
		D033CB902BFBEBDA00F09548 /* ProductsManager.swift */ = {isa = PBXFileReference; lastKnownFileType = sourcecode.swift; path = ProductsManager.swift; sourceTree = "<group>"; };
		D033CB922BFBEC0300F09548 /* SecurityRules.swift */ = {isa = PBXFileReference; lastKnownFileType = sourcecode.swift; path = SecurityRules.swift; sourceTree = "<group>"; };
		D033CB942BFBEC1F00F09548 /* StorageManager.swift */ = {isa = PBXFileReference; lastKnownFileType = sourcecode.swift; path = StorageManager.swift; sourceTree = "<group>"; };
		D033CB962BFBEC3B00F09548 /* CrashView.swift */ = {isa = PBXFileReference; lastKnownFileType = sourcecode.swift; path = CrashView.swift; sourceTree = "<group>"; };
		D033CB982BFBEC5800F09548 /* CrashManager.swift */ = {isa = PBXFileReference; lastKnownFileType = sourcecode.swift; path = CrashManager.swift; sourceTree = "<group>"; };
		D033CB9A2BFBEC8B00F09548 /* PerformanceView.swift */ = {isa = PBXFileReference; lastKnownFileType = sourcecode.swift; path = PerformanceView.swift; sourceTree = "<group>"; };
		D033CB9C2BFBECB200F09548 /* AnalyticsView.swift */ = {isa = PBXFileReference; lastKnownFileType = sourcecode.swift; path = AnalyticsView.swift; sourceTree = "<group>"; };
		D07964D02BF95B55000E7A54 /* Info.plist */ = {isa = PBXFileReference; lastKnownFileType = text.plist; path = Info.plist; sourceTree = "<group>"; };
		D07964D12BF95E52000E7A54 /* GoogleService-Info.plist */ = {isa = PBXFileReference; fileEncoding = 4; lastKnownFileType = text.plist.xml; path = "GoogleService-Info.plist"; sourceTree = "<group>"; };
		D09AC85A2BF96422003BFD5E /* Utilities.swift */ = {isa = PBXFileReference; lastKnownFileType = sourcecode.swift; path = Utilities.swift; sourceTree = "<group>"; };
		D0D909262BFBE18600A83C33 /* OnFirstAppearViewModifier.swift */ = {isa = PBXFileReference; lastKnownFileType = sourcecode.swift; path = OnFirstAppearViewModifier.swift; sourceTree = "<group>"; };
		D0D909292BFBE1C700A83C33 /* Query+EXT.swift */ = {isa = PBXFileReference; lastKnownFileType = sourcecode.swift; path = "Query+EXT.swift"; sourceTree = "<group>"; };
		D0DDC4392BF97280004ED7B6 /* SignInGoogleHelper.swift */ = {isa = PBXFileReference; lastKnownFileType = sourcecode.swift; path = SignInGoogleHelper.swift; sourceTree = "<group>"; };
		D0E31A8E2BFBE4F9003B57A9 /* AuthenticationViewModel.swift */ = {isa = PBXFileReference; lastKnownFileType = sourcecode.swift; path = AuthenticationViewModel.swift; sourceTree = "<group>"; };
		D0E31A902BFBE53D003B57A9 /* SignInEmailViewModel.swift */ = {isa = PBXFileReference; lastKnownFileType = sourcecode.swift; path = SignInEmailViewModel.swift; sourceTree = "<group>"; };
		D0E31A922BFBE562003B57A9 /* TabbarView.swift */ = {isa = PBXFileReference; lastKnownFileType = sourcecode.swift; path = TabbarView.swift; sourceTree = "<group>"; };
/* End PBXFileReference section */

/* Begin PBXFrameworksBuildPhase section */
		D02BA4212BF8F6D7009141A4 /* Frameworks */ = {
			isa = PBXFrameworksBuildPhase;
			buildActionMask = 2147483647;
			files = (
				D07964CF2BF95B14000E7A54 /* GoogleSignInSwift in Frameworks */,
				D02BA43D2BF8FB65009141A4 /* FirebaseAnalyticsSwift in Frameworks */,
				D033CBA52BFBED1D00F09548 /* FirebasePerformance in Frameworks */,
				D033CBA72BFBED2600F09548 /* FirebaseStorage in Frameworks */,
				D07964CD2BF95B14000E7A54 /* GoogleSignIn in Frameworks */,
				D033CB9F2BFBECF500F09548 /* FirebaseCrashlytics in Frameworks */,
				D011454E2BF92D90004231A2 /* FirebaseAuth in Frameworks */,
				D02BA43B2BF8FB65009141A4 /* FirebaseAnalytics in Frameworks */,
				D033CBA12BFBECFE00F09548 /* FirebaseFirestore in Frameworks */,
				D033CBA32BFBED0200F09548 /* FirebaseFirestoreSwift in Frameworks */,
			);
			runOnlyForDeploymentPostprocessing = 0;
		};
/* End PBXFrameworksBuildPhase section */

/* Begin PBXGroup section */
		D011454C2BF92D90004231A2 /* Frameworks */ = {
			isa = PBXGroup;
			children = (
			);
			name = Frameworks;
			sourceTree = "<group>";
		};
		D011454F2BF92E01004231A2 /* Authentication */ = {
			isa = PBXGroup;
			children = (
				D01145502BF92E18004231A2 /* AuthenticationView.swift */,
				D0E31A8E2BFBE4F9003B57A9 /* AuthenticationViewModel.swift */,
				D0E31A802BFBE24A003B57A9 /* Subviews */,
			);
			path = Authentication;
			sourceTree = "<group>";
		};
		D02BA41B2BF8F6D7009141A4 = {
			isa = PBXGroup;
			children = (
				D02BA4262BF8F6D7009141A4 /* SwifulFirebaseBootcamp2 */,
				D02BA4252BF8F6D7009141A4 /* Products */,
				D011454C2BF92D90004231A2 /* Frameworks */,
			);
			sourceTree = "<group>";
		};
		D02BA4252BF8F6D7009141A4 /* Products */ = {
			isa = PBXGroup;
			children = (
				D02BA4242BF8F6D7009141A4 /* SwifulFirebaseBootcamp2.app */,
			);
			name = Products;
			sourceTree = "<group>";
		};
		D02BA4262BF8F6D7009141A4 /* SwifulFirebaseBootcamp2 */ = {
			isa = PBXGroup;
			children = (
				D07964D02BF95B55000E7A54 /* Info.plist */,
				D07964D12BF95E52000E7A54 /* GoogleService-Info.plist */,
				D02BA4272BF8F6D7009141A4 /* SwifulFirebaseBootcamp2App.swift */,
				D02BA4292BF8F6D7009141A4 /* ContentView.swift */,
				D0D909232BFBE13B00A83C33 /* Component */,
				D0D909282BFBE19F00A83C33 /* Extensions */,
				D0E31A7F2BFBE214003B57A9 /* Core */,
				D0E31A812BFBE310003B57A9 /* Utilities */,
				D0E31A832BFBE347003B57A9 /* Authentication */,
				D0E31A842BFBE37B003B57A9 /* Firestore */,
				D0E31A852BFBE387003B57A9 /* SecurityRules */,
				D0E31A862BFBE398003B57A9 /* Storage */,
				D0E31A872BFBE39F003B57A9 /* Crashlytics */,
				D0E31A882BFBE3B6003B57A9 /* Performance */,
				D0E31A822BFBE331003B57A9 /* Analytics */,
				D02BA42B2BF8F6D9009141A4 /* Assets.xcassets */,
				D02BA42D2BF8F6D9009141A4 /* Preview Content */,
			);
			path = SwifulFirebaseBootcamp2;
			sourceTree = "<group>";
		};
		D02BA42D2BF8F6D9009141A4 /* Preview Content */ = {
			isa = PBXGroup;
			children = (
				D02BA42E2BF8F6D9009141A4 /* Preview Assets.xcassets */,
			);
			path = "Preview Content";
			sourceTree = "<group>";
		};
		D033CB7B2BFBE94400F09548 /* SubViews */ = {
			isa = PBXGroup;
			children = (
				D033CB7C2BFBE95D00F09548 /* ProductCellView.swift */,
				D033CB7E2BFBE9AA00F09548 /* ProductCellViewBuilder.swift */,
			);
			path = SubViews;
			sourceTree = "<group>";
		};
		D0D909232BFBE13B00A83C33 /* Component */ = {
			isa = PBXGroup;
			children = (
				D0D909252BFBE15900A83C33 /* ViewModifiers */,
			);
			path = Component;
			sourceTree = "<group>";
		};
		D0D909252BFBE15900A83C33 /* ViewModifiers */ = {
			isa = PBXGroup;
			children = (
				D0D909262BFBE18600A83C33 /* OnFirstAppearViewModifier.swift */,
			);
			path = ViewModifiers;
			sourceTree = "<group>";
		};
		D0D909282BFBE19F00A83C33 /* Extensions */ = {
			isa = PBXGroup;
			children = (
				D0D909292BFBE1C700A83C33 /* Query+EXT.swift */,
			);
			path = Extensions;
			sourceTree = "<group>";
		};
		D0E31A7F2BFBE214003B57A9 /* Core */ = {
			isa = PBXGroup;
			children = (
				D01145562BF943E6004231A2 /* RootView.swift */,
				D011454F2BF92E01004231A2 /* Authentication */,
				D0E31A892BFBE439003B57A9 /* Tabbar */,
				D0E31A8A2BFBE442003B57A9 /* Products */,
				D0E31A8B2BFBE44B003B57A9 /* Favorites */,
				D0E31A8C2BFBE454003B57A9 /* Profile */,
				D0E31A8D2BFBE465003B57A9 /* Settings */,
			);
			path = Core;
			sourceTree = "<group>";
		};
		D0E31A802BFBE24A003B57A9 /* Subviews */ = {
			isa = PBXGroup;
			children = (
				D01145522BF92F88004231A2 /* SignInEmailView.swift */,
				D0E31A902BFBE53D003B57A9 /* SignInEmailViewModel.swift */,
			);
			path = Subviews;
			sourceTree = "<group>";
		};
		D0E31A812BFBE310003B57A9 /* Utilities */ = {
			isa = PBXGroup;
			children = (
				D09AC85A2BF96422003BFD5E /* Utilities.swift */,
				D033CB8A2BFBEB3900F09548 /* ProductsDatabase.swift */,
			);
			path = Utilities;
			sourceTree = "<group>";
		};
		D0E31A822BFBE331003B57A9 /* Analytics */ = {
			isa = PBXGroup;
			children = (
				D033CB9C2BFBECB200F09548 /* AnalyticsView.swift */,
			);
			path = Analytics;
			sourceTree = "<group>";
		};
		D0E31A832BFBE347003B57A9 /* Authentication */ = {
			isa = PBXGroup;
			children = (
				D01145542BF93142004231A2 /* AuthenticationManager.swift */,
				D0DDC4392BF97280004ED7B6 /* SignInGoogleHelper.swift */,
				D033CB8C2BFBEB9700F09548 /* SignInAppleHelper.swift */,
			);
			path = Authentication;
			sourceTree = "<group>";
		};
		D0E31A842BFBE37B003B57A9 /* Firestore */ = {
			isa = PBXGroup;
			children = (
				D033CB8E2BFBEBBD00F09548 /* UserManager.swift */,
				D033CB902BFBEBDA00F09548 /* ProductsManager.swift */,
			);
			path = Firestore;
			sourceTree = "<group>";
		};
		D0E31A852BFBE387003B57A9 /* SecurityRules */ = {
			isa = PBXGroup;
			children = (
				D033CB922BFBEC0300F09548 /* SecurityRules.swift */,
			);
			path = SecurityRules;
			sourceTree = "<group>";
		};
		D0E31A862BFBE398003B57A9 /* Storage */ = {
			isa = PBXGroup;
			children = (
				D033CB942BFBEC1F00F09548 /* StorageManager.swift */,
			);
			path = Storage;
			sourceTree = "<group>";
		};
		D0E31A872BFBE39F003B57A9 /* Crashlytics */ = {
			isa = PBXGroup;
			children = (
				D033CB962BFBEC3B00F09548 /* CrashView.swift */,
				D033CB982BFBEC5800F09548 /* CrashManager.swift */,
			);
			path = Crashlytics;
			sourceTree = "<group>";
		};
		D0E31A882BFBE3B6003B57A9 /* Performance */ = {
			isa = PBXGroup;
			children = (
				D033CB9A2BFBEC8B00F09548 /* PerformanceView.swift */,
			);
			path = Performance;
			sourceTree = "<group>";
		};
		D0E31A892BFBE439003B57A9 /* Tabbar */ = {
			isa = PBXGroup;
			children = (
				D0E31A922BFBE562003B57A9 /* TabbarView.swift */,
			);
			path = Tabbar;
			sourceTree = "<group>";
		};
		D0E31A8A2BFBE442003B57A9 /* Products */ = {
			isa = PBXGroup;
			children = (
				D033CB772BFBE87C00F09548 /* ProductsView.swift */,
				D033CB792BFBE8C600F09548 /* ProductsViewModel.swift */,
				D033CB7B2BFBE94400F09548 /* SubViews */,
			);
			path = Products;
			sourceTree = "<group>";
		};
		D0E31A8B2BFBE44B003B57A9 /* Favorites */ = {
			isa = PBXGroup;
			children = (
				D033CB802BFBE9DE00F09548 /* FavoriteView.swift */,
				D033CB822BFBEA1A00F09548 /* FavoriteViewModel.swift */,
			);
			path = Favorites;
			sourceTree = "<group>";
		};
		D0E31A8C2BFBE454003B57A9 /* Profile */ = {
			isa = PBXGroup;
			children = (
				D033CB842BFBEA3E00F09548 /* ProfileView.swift */,
				D033CB862BFBEA8800F09548 /* ProfileViewModel.swift */,
			);
			path = Profile;
			sourceTree = "<group>";
		};
		D0E31A8D2BFBE465003B57A9 /* Settings */ = {
			isa = PBXGroup;
			children = (
				D01145582BF94740004231A2 /* SettingsView.swift */,
				D033CB882BFBEABA00F09548 /* SettingsViewModel.swift */,
			);
			path = Settings;
			sourceTree = "<group>";
		};
/* End PBXGroup section */

/* Begin PBXNativeTarget section */
		D02BA4232BF8F6D7009141A4 /* SwifulFirebaseBootcamp2 */ = {
			isa = PBXNativeTarget;
			buildConfigurationList = D02BA4322BF8F6D9009141A4 /* Build configuration list for PBXNativeTarget "SwifulFirebaseBootcamp2" */;
			buildPhases = (
				D02BA4202BF8F6D7009141A4 /* Sources */,
				D02BA4212BF8F6D7009141A4 /* Frameworks */,
				D02BA4222BF8F6D7009141A4 /* Resources */,
			);
			buildRules = (
			);
			dependencies = (
			);
			name = SwifulFirebaseBootcamp2;
			packageProductDependencies = (
				D02BA43A2BF8FB65009141A4 /* FirebaseAnalytics */,
				D02BA43C2BF8FB65009141A4 /* FirebaseAnalyticsSwift */,
				D011454D2BF92D90004231A2 /* FirebaseAuth */,
				D07964CC2BF95B14000E7A54 /* GoogleSignIn */,
				D07964CE2BF95B14000E7A54 /* GoogleSignInSwift */,
				D033CB9E2BFBECF500F09548 /* FirebaseCrashlytics */,
				D033CBA02BFBECFE00F09548 /* FirebaseFirestore */,
				D033CBA22BFBED0200F09548 /* FirebaseFirestoreSwift */,
				D033CBA42BFBED1D00F09548 /* FirebasePerformance */,
				D033CBA62BFBED2600F09548 /* FirebaseStorage */,
			);
			productName = SwifulFirebaseBootcamp2;
			productReference = D02BA4242BF8F6D7009141A4 /* SwifulFirebaseBootcamp2.app */;
			productType = "com.apple.product-type.application";
		};
/* End PBXNativeTarget section */

/* Begin PBXProject section */
		D02BA41C2BF8F6D7009141A4 /* Project object */ = {
			isa = PBXProject;
			attributes = {
				BuildIndependentTargetsInParallel = 1;
				LastSwiftUpdateCheck = 1530;
				LastUpgradeCheck = 1530;
				TargetAttributes = {
					D02BA4232BF8F6D7009141A4 = {
						CreatedOnToolsVersion = 15.3;
					};
				};
			};
			buildConfigurationList = D02BA41F2BF8F6D7009141A4 /* Build configuration list for PBXProject "SwifulFirebaseBootcamp2" */;
			compatibilityVersion = "Xcode 14.0";
			developmentRegion = en;
			hasScannedForEncodings = 0;
			knownRegions = (
				en,
				Base,
			);
			mainGroup = D02BA41B2BF8F6D7009141A4;
			packageReferences = (
				D02BA4392BF8FB65009141A4 /* XCRemoteSwiftPackageReference "firebase-ios-sdk" */,
				D07964CB2BF95B14000E7A54 /* XCRemoteSwiftPackageReference "GoogleSignIn-iOS" */,
			);
			productRefGroup = D02BA4252BF8F6D7009141A4 /* Products */;
			projectDirPath = "";
			projectRoot = "";
			targets = (
				D02BA4232BF8F6D7009141A4 /* SwifulFirebaseBootcamp2 */,
			);
		};
/* End PBXProject section */

/* Begin PBXResourcesBuildPhase section */
		D02BA4222BF8F6D7009141A4 /* Resources */ = {
			isa = PBXResourcesBuildPhase;
			buildActionMask = 2147483647;
			files = (
				D02BA42F2BF8F6D9009141A4 /* Preview Assets.xcassets in Resources */,
				D02BA42C2BF8F6D9009141A4 /* Assets.xcassets in Resources */,
				D07964D22BF95E52000E7A54 /* GoogleService-Info.plist in Resources */,
			);
			runOnlyForDeploymentPostprocessing = 0;
		};
/* End PBXResourcesBuildPhase section */

/* Begin PBXSourcesBuildPhase section */
		D02BA4202BF8F6D7009141A4 /* Sources */ = {
			isa = PBXSourcesBuildPhase;
			buildActionMask = 2147483647;
			files = (
				D0E31A8F2BFBE4F9003B57A9 /* AuthenticationViewModel.swift in Sources */,
				D033CB932BFBEC0300F09548 /* SecurityRules.swift in Sources */,
				D033CB892BFBEABA00F09548 /* SettingsViewModel.swift in Sources */,
				D01145592BF94740004231A2 /* SettingsView.swift in Sources */,
				D033CB7A2BFBE8C600F09548 /* ProductsViewModel.swift in Sources */,
				D033CB952BFBEC1F00F09548 /* StorageManager.swift in Sources */,
				D02BA42A2BF8F6D7009141A4 /* ContentView.swift in Sources */,
				D01145532BF92F88004231A2 /* SignInEmailView.swift in Sources */,
				D01145572BF943E6004231A2 /* RootView.swift in Sources */,
				D033CB992BFBEC5800F09548 /* CrashManager.swift in Sources */,
				D0E31A912BFBE53D003B57A9 /* SignInEmailViewModel.swift in Sources */,
				D033CB8D2BFBEB9700F09548 /* SignInAppleHelper.swift in Sources */,
				D0DDC43A2BF97280004ED7B6 /* SignInGoogleHelper.swift in Sources */,
				D0D9092A2BFBE1C700A83C33 /* Query+EXT.swift in Sources */,
				D033CB8B2BFBEB3900F09548 /* ProductsDatabase.swift in Sources */,
				D0E31A932BFBE562003B57A9 /* TabbarView.swift in Sources */,
				D033CB7D2BFBE95D00F09548 /* ProductCellView.swift in Sources */,
				D02BA4282BF8F6D7009141A4 /* SwifulFirebaseBootcamp2App.swift in Sources */,
				D033CB7F2BFBE9AA00F09548 /* ProductCellViewBuilder.swift in Sources */,
				D033CB912BFBEBDA00F09548 /* ProductsManager.swift in Sources */,
				D033CB8F2BFBEBBD00F09548 /* UserManager.swift in Sources */,
				D033CB972BFBEC3B00F09548 /* CrashView.swift in Sources */,
				D0D909272BFBE18700A83C33 /* OnFirstAppearViewModifier.swift in Sources */,
				D01145552BF93142004231A2 /* AuthenticationManager.swift in Sources */,
				D09AC85B2BF96422003BFD5E /* Utilities.swift in Sources */,
				D01145512BF92E18004231A2 /* AuthenticationView.swift in Sources */,
				D033CB812BFBE9DE00F09548 /* FavoriteView.swift in Sources */,
				D033CB9D2BFBECB300F09548 /* AnalyticsView.swift in Sources */,
				D033CB872BFBEA8800F09548 /* ProfileViewModel.swift in Sources */,
				D033CB832BFBEA1A00F09548 /* FavoriteViewModel.swift in Sources */,
				D033CB9B2BFBEC8B00F09548 /* PerformanceView.swift in Sources */,
				D033CB852BFBEA3F00F09548 /* ProfileView.swift in Sources */,
				D033CB782BFBE87C00F09548 /* ProductsView.swift in Sources */,
			);
			runOnlyForDeploymentPostprocessing = 0;
		};
/* End PBXSourcesBuildPhase section */

/* Begin XCBuildConfiguration section */
		D02BA4302BF8F6D9009141A4 /* Debug */ = {
			isa = XCBuildConfiguration;
			buildSettings = {
				ALWAYS_SEARCH_USER_PATHS = NO;
				ASSETCATALOG_COMPILER_GENERATE_SWIFT_ASSET_SYMBOL_EXTENSIONS = YES;
				CLANG_ANALYZER_NONNULL = YES;
				CLANG_ANALYZER_NUMBER_OBJECT_CONVERSION = YES_AGGRESSIVE;
				CLANG_CXX_LANGUAGE_STANDARD = "gnu++20";
				CLANG_ENABLE_MODULES = YES;
				CLANG_ENABLE_OBJC_ARC = YES;
				CLANG_ENABLE_OBJC_WEAK = YES;
				CLANG_WARN_BLOCK_CAPTURE_AUTORELEASING = YES;
				CLANG_WARN_BOOL_CONVERSION = YES;
				CLANG_WARN_COMMA = YES;
				CLANG_WARN_CONSTANT_CONVERSION = YES;
				CLANG_WARN_DEPRECATED_OBJC_IMPLEMENTATIONS = YES;
				CLANG_WARN_DIRECT_OBJC_ISA_USAGE = YES_ERROR;
				CLANG_WARN_DOCUMENTATION_COMMENTS = YES;
				CLANG_WARN_EMPTY_BODY = YES;
				CLANG_WARN_ENUM_CONVERSION = YES;
				CLANG_WARN_INFINITE_RECURSION = YES;
				CLANG_WARN_INT_CONVERSION = YES;
				CLANG_WARN_NON_LITERAL_NULL_CONVERSION = YES;
				CLANG_WARN_OBJC_IMPLICIT_RETAIN_SELF = YES;
				CLANG_WARN_OBJC_LITERAL_CONVERSION = YES;
				CLANG_WARN_OBJC_ROOT_CLASS = YES_ERROR;
				CLANG_WARN_QUOTED_INCLUDE_IN_FRAMEWORK_HEADER = YES;
				CLANG_WARN_RANGE_LOOP_ANALYSIS = YES;
				CLANG_WARN_STRICT_PROTOTYPES = YES;
				CLANG_WARN_SUSPICIOUS_MOVE = YES;
				CLANG_WARN_UNGUARDED_AVAILABILITY = YES_AGGRESSIVE;
				CLANG_WARN_UNREACHABLE_CODE = YES;
				CLANG_WARN__DUPLICATE_METHOD_MATCH = YES;
				COPY_PHASE_STRIP = NO;
				DEBUG_INFORMATION_FORMAT = dwarf;
				ENABLE_STRICT_OBJC_MSGSEND = YES;
				ENABLE_TESTABILITY = YES;
				ENABLE_USER_SCRIPT_SANDBOXING = YES;
				GCC_C_LANGUAGE_STANDARD = gnu17;
				GCC_DYNAMIC_NO_PIC = NO;
				GCC_NO_COMMON_BLOCKS = YES;
				GCC_OPTIMIZATION_LEVEL = 0;
				GCC_PREPROCESSOR_DEFINITIONS = (
					"DEBUG=1",
					"$(inherited)",
				);
				GCC_WARN_64_TO_32_BIT_CONVERSION = YES;
				GCC_WARN_ABOUT_RETURN_TYPE = YES_ERROR;
				GCC_WARN_UNDECLARED_SELECTOR = YES;
				GCC_WARN_UNINITIALIZED_AUTOS = YES_AGGRESSIVE;
				GCC_WARN_UNUSED_FUNCTION = YES;
				GCC_WARN_UNUSED_VARIABLE = YES;
				IPHONEOS_DEPLOYMENT_TARGET = 17.4;
				LOCALIZATION_PREFERS_STRING_CATALOGS = YES;
				MTL_ENABLE_DEBUG_INFO = INCLUDE_SOURCE;
				MTL_FAST_MATH = YES;
				ONLY_ACTIVE_ARCH = YES;
				SDKROOT = iphoneos;
				SWIFT_ACTIVE_COMPILATION_CONDITIONS = "DEBUG $(inherited)";
				SWIFT_OPTIMIZATION_LEVEL = "-Onone";
			};
			name = Debug;
		};
		D02BA4312BF8F6D9009141A4 /* Release */ = {
			isa = XCBuildConfiguration;
			buildSettings = {
				ALWAYS_SEARCH_USER_PATHS = NO;
				ASSETCATALOG_COMPILER_GENERATE_SWIFT_ASSET_SYMBOL_EXTENSIONS = YES;
				CLANG_ANALYZER_NONNULL = YES;
				CLANG_ANALYZER_NUMBER_OBJECT_CONVERSION = YES_AGGRESSIVE;
				CLANG_CXX_LANGUAGE_STANDARD = "gnu++20";
				CLANG_ENABLE_MODULES = YES;
				CLANG_ENABLE_OBJC_ARC = YES;
				CLANG_ENABLE_OBJC_WEAK = YES;
				CLANG_WARN_BLOCK_CAPTURE_AUTORELEASING = YES;
				CLANG_WARN_BOOL_CONVERSION = YES;
				CLANG_WARN_COMMA = YES;
				CLANG_WARN_CONSTANT_CONVERSION = YES;
				CLANG_WARN_DEPRECATED_OBJC_IMPLEMENTATIONS = YES;
				CLANG_WARN_DIRECT_OBJC_ISA_USAGE = YES_ERROR;
				CLANG_WARN_DOCUMENTATION_COMMENTS = YES;
				CLANG_WARN_EMPTY_BODY = YES;
				CLANG_WARN_ENUM_CONVERSION = YES;
				CLANG_WARN_INFINITE_RECURSION = YES;
				CLANG_WARN_INT_CONVERSION = YES;
				CLANG_WARN_NON_LITERAL_NULL_CONVERSION = YES;
				CLANG_WARN_OBJC_IMPLICIT_RETAIN_SELF = YES;
				CLANG_WARN_OBJC_LITERAL_CONVERSION = YES;
				CLANG_WARN_OBJC_ROOT_CLASS = YES_ERROR;
				CLANG_WARN_QUOTED_INCLUDE_IN_FRAMEWORK_HEADER = YES;
				CLANG_WARN_RANGE_LOOP_ANALYSIS = YES;
				CLANG_WARN_STRICT_PROTOTYPES = YES;
				CLANG_WARN_SUSPICIOUS_MOVE = YES;
				CLANG_WARN_UNGUARDED_AVAILABILITY = YES_AGGRESSIVE;
				CLANG_WARN_UNREACHABLE_CODE = YES;
				CLANG_WARN__DUPLICATE_METHOD_MATCH = YES;
				COPY_PHASE_STRIP = NO;
				DEBUG_INFORMATION_FORMAT = "dwarf-with-dsym";
				ENABLE_NS_ASSERTIONS = NO;
				ENABLE_STRICT_OBJC_MSGSEND = YES;
				ENABLE_USER_SCRIPT_SANDBOXING = YES;
				GCC_C_LANGUAGE_STANDARD = gnu17;
				GCC_NO_COMMON_BLOCKS = YES;
				GCC_WARN_64_TO_32_BIT_CONVERSION = YES;
				GCC_WARN_ABOUT_RETURN_TYPE = YES_ERROR;
				GCC_WARN_UNDECLARED_SELECTOR = YES;
				GCC_WARN_UNINITIALIZED_AUTOS = YES_AGGRESSIVE;
				GCC_WARN_UNUSED_FUNCTION = YES;
				GCC_WARN_UNUSED_VARIABLE = YES;
				IPHONEOS_DEPLOYMENT_TARGET = 17.4;
				LOCALIZATION_PREFERS_STRING_CATALOGS = YES;
				MTL_ENABLE_DEBUG_INFO = NO;
				MTL_FAST_MATH = YES;
				SDKROOT = iphoneos;
				SWIFT_COMPILATION_MODE = wholemodule;
				VALIDATE_PRODUCT = YES;
			};
			name = Release;
		};
		D02BA4332BF8F6D9009141A4 /* Debug */ = {
			isa = XCBuildConfiguration;
			buildSettings = {
				ASSETCATALOG_COMPILER_APPICON_NAME = AppIcon;
				ASSETCATALOG_COMPILER_GLOBAL_ACCENT_COLOR_NAME = AccentColor;
				CODE_SIGN_IDENTITY = "Apple Development";
				CODE_SIGN_STYLE = Automatic;
				CURRENT_PROJECT_VERSION = 1;
				DEVELOPMENT_ASSET_PATHS = "\"SwifulFirebaseBootcamp2/Preview Content\"";
				DEVELOPMENT_TEAM = 5DDTA77ZVC;
				ENABLE_PREVIEWS = YES;
				GENERATE_INFOPLIST_FILE = YES;
				INFOPLIST_FILE = SwifulFirebaseBootcamp2/Info.plist;
				INFOPLIST_KEY_UIApplicationSceneManifest_Generation = YES;
				INFOPLIST_KEY_UIApplicationSupportsIndirectInputEvents = YES;
				INFOPLIST_KEY_UILaunchScreen_Generation = YES;
				INFOPLIST_KEY_UISupportedInterfaceOrientations_iPad = "UIInterfaceOrientationPortrait UIInterfaceOrientationPortraitUpsideDown UIInterfaceOrientationLandscapeLeft UIInterfaceOrientationLandscapeRight";
				INFOPLIST_KEY_UISupportedInterfaceOrientations_iPhone = "UIInterfaceOrientationPortrait UIInterfaceOrientationLandscapeLeft UIInterfaceOrientationLandscapeRight";
				LD_RUNPATH_SEARCH_PATHS = (
					"$(inherited)",
					"@executable_path/Frameworks",
				);
				MARKETING_VERSION = 1.0;
				PRODUCT_BUNDLE_IDENTIFIER = com.sebastianovalle.SwifulFirebaseBootcamp2;
				PRODUCT_NAME = "$(TARGET_NAME)";
				PROVISIONING_PROFILE_SPECIFIER = "";
				SWIFT_EMIT_LOC_STRINGS = YES;
				SWIFT_VERSION = 5.0;
				TARGETED_DEVICE_FAMILY = "1,2";
			};
			name = Debug;
		};
		D02BA4342BF8F6D9009141A4 /* Release */ = {
			isa = XCBuildConfiguration;
			buildSettings = {
				ASSETCATALOG_COMPILER_APPICON_NAME = AppIcon;
				ASSETCATALOG_COMPILER_GLOBAL_ACCENT_COLOR_NAME = AccentColor;
				CODE_SIGN_IDENTITY = "Apple Development";
				CODE_SIGN_STYLE = Automatic;
				CURRENT_PROJECT_VERSION = 1;
				DEVELOPMENT_ASSET_PATHS = "\"SwifulFirebaseBootcamp2/Preview Content\"";
				DEVELOPMENT_TEAM = 5DDTA77ZVC;
				ENABLE_PREVIEWS = YES;
				GENERATE_INFOPLIST_FILE = YES;
				INFOPLIST_FILE = SwifulFirebaseBootcamp2/Info.plist;
				INFOPLIST_KEY_UIApplicationSceneManifest_Generation = YES;
				INFOPLIST_KEY_UIApplicationSupportsIndirectInputEvents = YES;
				INFOPLIST_KEY_UILaunchScreen_Generation = YES;
				INFOPLIST_KEY_UISupportedInterfaceOrientations_iPad = "UIInterfaceOrientationPortrait UIInterfaceOrientationPortraitUpsideDown UIInterfaceOrientationLandscapeLeft UIInterfaceOrientationLandscapeRight";
				INFOPLIST_KEY_UISupportedInterfaceOrientations_iPhone = "UIInterfaceOrientationPortrait UIInterfaceOrientationLandscapeLeft UIInterfaceOrientationLandscapeRight";
				LD_RUNPATH_SEARCH_PATHS = (
					"$(inherited)",
					"@executable_path/Frameworks",
				);
				MARKETING_VERSION = 1.0;
				PRODUCT_BUNDLE_IDENTIFIER = com.sebastianovalle.SwifulFirebaseBootcamp2;
				PRODUCT_NAME = "$(TARGET_NAME)";
				PROVISIONING_PROFILE_SPECIFIER = "";
				SWIFT_EMIT_LOC_STRINGS = YES;
				SWIFT_VERSION = 5.0;
				TARGETED_DEVICE_FAMILY = "1,2";
			};
			name = Release;
		};
/* End XCBuildConfiguration section */

/* Begin XCConfigurationList section */
		D02BA41F2BF8F6D7009141A4 /* Build configuration list for PBXProject "SwifulFirebaseBootcamp2" */ = {
			isa = XCConfigurationList;
			buildConfigurations = (
				D02BA4302BF8F6D9009141A4 /* Debug */,
				D02BA4312BF8F6D9009141A4 /* Release */,
			);
			defaultConfigurationIsVisible = 0;
			defaultConfigurationName = Release;
		};
		D02BA4322BF8F6D9009141A4 /* Build configuration list for PBXNativeTarget "SwifulFirebaseBootcamp2" */ = {
			isa = XCConfigurationList;
			buildConfigurations = (
				D02BA4332BF8F6D9009141A4 /* Debug */,
				D02BA4342BF8F6D9009141A4 /* Release */,
			);
			defaultConfigurationIsVisible = 0;
			defaultConfigurationName = Release;
		};
/* End XCConfigurationList section */

/* Begin XCRemoteSwiftPackageReference section */
		D02BA4392BF8FB65009141A4 /* XCRemoteSwiftPackageReference "firebase-ios-sdk" */ = {
			isa = XCRemoteSwiftPackageReference;
			repositoryURL = "https://github.com/firebase/firebase-ios-sdk.git";
			requirement = {
				kind = upToNextMajorVersion;
				minimumVersion = 10.26.0;
			};
		};
		D07964CB2BF95B14000E7A54 /* XCRemoteSwiftPackageReference "GoogleSignIn-iOS" */ = {
			isa = XCRemoteSwiftPackageReference;
			repositoryURL = "https://github.com/google/GoogleSignIn-iOS.git";
			requirement = {
				kind = upToNextMajorVersion;
				minimumVersion = 7.1.0;
			};
		};
/* End XCRemoteSwiftPackageReference section */

/* Begin XCSwiftPackageProductDependency section */
		D011454D2BF92D90004231A2 /* FirebaseAuth */ = {
			isa = XCSwiftPackageProductDependency;
			package = D02BA4392BF8FB65009141A4 /* XCRemoteSwiftPackageReference "firebase-ios-sdk" */;
			productName = FirebaseAuth;
		};
		D02BA43A2BF8FB65009141A4 /* FirebaseAnalytics */ = {
			isa = XCSwiftPackageProductDependency;
			package = D02BA4392BF8FB65009141A4 /* XCRemoteSwiftPackageReference "firebase-ios-sdk" */;
			productName = FirebaseAnalytics;
		};
		D02BA43C2BF8FB65009141A4 /* FirebaseAnalyticsSwift */ = {
			isa = XCSwiftPackageProductDependency;
			package = D02BA4392BF8FB65009141A4 /* XCRemoteSwiftPackageReference "firebase-ios-sdk" */;
			productName = FirebaseAnalyticsSwift;
		};
		D033CB9E2BFBECF500F09548 /* FirebaseCrashlytics */ = {
			isa = XCSwiftPackageProductDependency;
			package = D02BA4392BF8FB65009141A4 /* XCRemoteSwiftPackageReference "firebase-ios-sdk" */;
			productName = FirebaseCrashlytics;
		};
		D033CBA02BFBECFE00F09548 /* FirebaseFirestore */ = {
			isa = XCSwiftPackageProductDependency;
			package = D02BA4392BF8FB65009141A4 /* XCRemoteSwiftPackageReference "firebase-ios-sdk" */;
			productName = FirebaseFirestore;
		};
		D033CBA22BFBED0200F09548 /* FirebaseFirestoreSwift */ = {
			isa = XCSwiftPackageProductDependency;
			package = D02BA4392BF8FB65009141A4 /* XCRemoteSwiftPackageReference "firebase-ios-sdk" */;
			productName = FirebaseFirestoreSwift;
		};
		D033CBA42BFBED1D00F09548 /* FirebasePerformance */ = {
			isa = XCSwiftPackageProductDependency;
			package = D02BA4392BF8FB65009141A4 /* XCRemoteSwiftPackageReference "firebase-ios-sdk" */;
			productName = FirebasePerformance;
		};
		D033CBA62BFBED2600F09548 /* FirebaseStorage */ = {
			isa = XCSwiftPackageProductDependency;
			package = D02BA4392BF8FB65009141A4 /* XCRemoteSwiftPackageReference "firebase-ios-sdk" */;
			productName = FirebaseStorage;
		};
		D07964CC2BF95B14000E7A54 /* GoogleSignIn */ = {
			isa = XCSwiftPackageProductDependency;
			package = D07964CB2BF95B14000E7A54 /* XCRemoteSwiftPackageReference "GoogleSignIn-iOS" */;
			productName = GoogleSignIn;
		};
		D07964CE2BF95B14000E7A54 /* GoogleSignInSwift */ = {
			isa = XCSwiftPackageProductDependency;
			package = D07964CB2BF95B14000E7A54 /* XCRemoteSwiftPackageReference "GoogleSignIn-iOS" */;
			productName = GoogleSignInSwift;
		};
/* End XCSwiftPackageProductDependency section */
	};
	rootObject = D02BA41C2BF8F6D7009141A4 /* Project object */;
}
